
Microsoft Visual Studio Solution File, Format Version 12.00
# Visual Studio Version 17
VisualStudioVersion = 17.5.002.0
MinimumVisualStudioVersion = 10.0.40219.1
Project("{9A19103F-16F7-4668-BE54-9A1E7A4F7556}") = "FahrenheitCelsius", "FahrenheitCelsius.csproj", "{C51A765F-FDF8-414B-B5F4-9E7AD3818309}"
EndProject
Global
	GlobalSection(SolutionConfigurationPlatforms) = preSolution
		Debug|Any CPU = Debug|Any CPU
		Release|Any CPU = Release|Any CPU
	EndGlobalSection
	GlobalSection(ProjectConfigurationPlatforms) = postSolution
		{C51A765F-FDF8-414B-B5F4-9E7AD3818309}.Debug|Any CPU.ActiveCfg = Debug|Any CPU
		{C51A765F-FDF8-414B-B5F4-9E7AD3818309}.Debug|Any CPU.Build.0 = Debug|Any CPU
		{C51A765F-FDF8-414B-B5F4-9E7AD3818309}.Release|Any CPU.ActiveCfg = Release|Any CPU
		{C51A765F-FDF8-414B-B5F4-9E7AD3818309}.Release|Any CPU.Build.0 = Release|Any CPU
	EndGlobalSection
	GlobalSection(SolutionProperties) = preSolution
		HideSolutionNode = FALSE
	EndGlobalSection
	GlobalSection(ExtensibilityGlobals) = postSolution
		SolutionGuid = {4A5252D9-A720-462E-99E1-0A3543E1C983}
	EndGlobalSection
EndGlobal
