
Microsoft Visual Studio Solution File, Format Version 12.00
# Visual Studio Version 17
VisualStudioVersion = 17.5.002.0
MinimumVisualStudioVersion = 10.0.40219.1
Project("{9A19103F-16F7-4668-BE54-9A1E7A4F7556}") = "InteractiveStory", "InteractiveStory.csproj", "{A100F347-1E31-42CB-A0BA-08F1AC3DB46C}"
EndProject
Global
	GlobalSection(SolutionConfigurationPlatforms) = preSolution
		Debug|Any CPU = Debug|Any CPU
		Release|Any CPU = Release|Any CPU
	EndGlobalSection
	GlobalSection(ProjectConfigurationPlatforms) = postSolution
		{A100F347-1E31-42CB-A0BA-08F1AC3DB46C}.Debug|Any CPU.ActiveCfg = Debug|Any CPU
		{A100F347-1E31-42CB-A0BA-08F1AC3DB46C}.Debug|Any CPU.Build.0 = Debug|Any CPU
		{A100F347-1E31-42CB-A0BA-08F1AC3DB46C}.Release|Any CPU.ActiveCfg = Release|Any CPU
		{A100F347-1E31-42CB-A0BA-08F1AC3DB46C}.Release|Any CPU.Build.0 = Release|Any CPU
	EndGlobalSection
	GlobalSection(SolutionProperties) = preSolution
		HideSolutionNode = FALSE
	EndGlobalSection
	GlobalSection(ExtensibilityGlobals) = postSolution
		SolutionGuid = {65933571-6ED2-4732-AC02-542ABAEAEA67}
	EndGlobalSection
EndGlobal
