
Microsoft Visual Studio Solution File, Format Version 12.00
# Visual Studio Version 17
VisualStudioVersion = 17.5.002.0
MinimumVisualStudioVersion = 10.0.40219.1
Project("{9A19103F-16F7-4668-BE54-9A1E7A4F7556}") = "MikroOvningar3", "MikroOvningar3.csproj", "{701B67ED-EB74-48B1-ABFC-754B32326082}"
EndProject
Global
	GlobalSection(SolutionConfigurationPlatforms) = preSolution
		Debug|Any CPU = Debug|Any CPU
		Release|Any CPU = Release|Any CPU
	EndGlobalSection
	GlobalSection(ProjectConfigurationPlatforms) = postSolution
		{701B67ED-EB74-48B1-ABFC-754B32326082}.Debug|Any CPU.ActiveCfg = Debug|Any CPU
		{701B67ED-EB74-48B1-ABFC-754B32326082}.Debug|Any CPU.Build.0 = Debug|Any CPU
		{701B67ED-EB74-48B1-ABFC-754B32326082}.Release|Any CPU.ActiveCfg = Release|Any CPU
		{701B67ED-EB74-48B1-ABFC-754B32326082}.Release|Any CPU.Build.0 = Release|Any CPU
	EndGlobalSection
	GlobalSection(SolutionProperties) = preSolution
		HideSolutionNode = FALSE
	EndGlobalSection
	GlobalSection(ExtensibilityGlobals) = postSolution
		SolutionGuid = {37E0F0C5-56F7-4309-B8F3-7246B4313790}
	EndGlobalSection
EndGlobal
