
Microsoft Visual Studio Solution File, Format Version 12.00
# Visual Studio Version 17
VisualStudioVersion = 17.5.002.0
MinimumVisualStudioVersion = 10.0.40219.1
Project("{9A19103F-16F7-4668-BE54-9A1E7A4F7556}") = "BMI", "BMI.csproj", "{934C0360-BD3E-429C-BC8D-B35519A04B83}"
EndProject
Global
	GlobalSection(SolutionConfigurationPlatforms) = preSolution
		Debug|Any CPU = Debug|Any CPU
		Release|Any CPU = Release|Any CPU
	EndGlobalSection
	GlobalSection(ProjectConfigurationPlatforms) = postSolution
		{934C0360-BD3E-429C-BC8D-B35519A04B83}.Debug|Any CPU.ActiveCfg = Debug|Any CPU
		{934C0360-BD3E-429C-BC8D-B35519A04B83}.Debug|Any CPU.Build.0 = Debug|Any CPU
		{934C0360-BD3E-429C-BC8D-B35519A04B83}.Release|Any CPU.ActiveCfg = Release|Any CPU
		{934C0360-BD3E-429C-BC8D-B35519A04B83}.Release|Any CPU.Build.0 = Release|Any CPU
	EndGlobalSection
	GlobalSection(SolutionProperties) = preSolution
		HideSolutionNode = FALSE
	EndGlobalSection
	GlobalSection(ExtensibilityGlobals) = postSolution
		SolutionGuid = {BD3C8AB5-FCD5-42DC-92EE-D33D87DA2E75}
	EndGlobalSection
EndGlobal
